
Microsoft Visual Studio Solution File, Format Version 12.00
# Visual Studio Version 16
VisualStudioVersion = 16.0.29806.167
MinimumVisualStudioVersion = 10.0.40219.1
Project("{9A19103F-16F7-4668-BE54-9A1E7A4F7556}") = "APIS", "APIS\APIS.csproj", "{2914E240-55FB-4219-BA8D-7F33E7E30A75}"
EndProject
Project("{9A19103F-16F7-4668-BE54-9A1E7A4F7556}") = "APIS.WebScrapperLogic", "APIS.WebScrapperLogic\APIS.WebScrapperLogic.csproj", "{F2AD5921-D896-4798-B971-82B1D12C8875}"
EndProject
Global
	GlobalSection(SolutionConfigurationPlatforms) = preSolution
		Debug|Any CPU = Debug|Any CPU
		Release|Any CPU = Release|Any CPU
	EndGlobalSection
	GlobalSection(ProjectConfigurationPlatforms) = postSolution
		{2914E240-55FB-4219-BA8D-7F33E7E30A75}.Debug|Any CPU.ActiveCfg = Debug|Any CPU
		{2914E240-55FB-4219-BA8D-7F33E7E30A75}.Debug|Any CPU.Build.0 = Debug|Any CPU
		{2914E240-55FB-4219-BA8D-7F33E7E30A75}.Release|Any CPU.ActiveCfg = Release|Any CPU
		{2914E240-55FB-4219-BA8D-7F33E7E30A75}.Release|Any CPU.Build.0 = Release|Any CPU
		{F2AD5921-D896-4798-B971-82B1D12C8875}.Debug|Any CPU.ActiveCfg = Debug|Any CPU
		{F2AD5921-D896-4798-B971-82B1D12C8875}.Debug|Any CPU.Build.0 = Debug|Any CPU
		{F2AD5921-D896-4798-B971-82B1D12C8875}.Release|Any CPU.ActiveCfg = Release|Any CPU
		{F2AD5921-D896-4798-B971-82B1D12C8875}.Release|Any CPU.Build.0 = Release|Any CPU
		{8DBD9919-4A61-4267-935D-EEA20C477934}.Debug|Any CPU.ActiveCfg = Debug|Any CPU
		{8DBD9919-4A61-4267-935D-EEA20C477934}.Debug|Any CPU.Build.0 = Debug|Any CPU
		{8DBD9919-4A61-4267-935D-EEA20C477934}.Release|Any CPU.ActiveCfg = Release|Any CPU
		{8DBD9919-4A61-4267-935D-EEA20C477934}.Release|Any CPU.Build.0 = Release|Any CPU
	EndGlobalSection
	GlobalSection(SolutionProperties) = preSolution
		HideSolutionNode = FALSE
	EndGlobalSection
	GlobalSection(ExtensibilityGlobals) = postSolution
		SolutionGuid = {D60B9B5A-3522-45D7-8DF4-586FA30EF300}
	EndGlobalSection
EndGlobal
